
Microsoft Visual Studio Solution File, Format Version 12.00
# Visual Studio Version 17
VisualStudioVersion = 17.7.34202.233
MinimumVisualStudioVersion = 10.0.40219.1
Project("{8BC9CEB8-8B4A-11D0-8D11-00A0C91BC942}") = "Final arrays", "Final arrays.vcxproj", "{0A772562-DE16-4F71-8EC2-FE23962DE4C6}"
EndProject
Global
	GlobalSection(SolutionConfigurationPlatforms) = preSolution
		Debug|x64 = Debug|x64
		Debug|x86 = Debug|x86
		Release|x64 = Release|x64
		Release|x86 = Release|x86
	EndGlobalSection
	GlobalSection(ProjectConfigurationPlatforms) = postSolution
		{0A772562-DE16-4F71-8EC2-FE23962DE4C6}.Debug|x64.ActiveCfg = Debug|x64
		{0A772562-DE16-4F71-8EC2-FE23962DE4C6}.Debug|x64.Build.0 = Debug|x64
		{0A772562-DE16-4F71-8EC2-FE23962DE4C6}.Debug|x86.ActiveCfg = Debug|Win32
		{0A772562-DE16-4F71-8EC2-FE23962DE4C6}.Debug|x86.Build.0 = Debug|Win32
		{0A772562-DE16-4F71-8EC2-FE23962DE4C6}.Release|x64.ActiveCfg = Release|x64
		{0A772562-DE16-4F71-8EC2-FE23962DE4C6}.Release|x64.Build.0 = Release|x64
		{0A772562-DE16-4F71-8EC2-FE23962DE4C6}.Release|x86.ActiveCfg = Release|Win32
		{0A772562-DE16-4F71-8EC2-FE23962DE4C6}.Release|x86.Build.0 = Release|Win32
	EndGlobalSection
	GlobalSection(SolutionProperties) = preSolution
		HideSolutionNode = FALSE
	EndGlobalSection
	GlobalSection(ExtensibilityGlobals) = postSolution
		SolutionGuid = {C88533D5-898A-4FFA-9918-08A4877B86A8}
	EndGlobalSection
EndGlobal
